Microsoft Visual Studio Solution File, Format Version 10.00
# Visual Studio 2008
Project("{8BC9CEB8-8B4A-11D0-8D11-00A0C91BC942}") = "HockeyBoard", "HockeyBoard.vcproj", "{D25BD0D2-9F92-4FC6-B3D4-93755BFF25D8}"
EndProject
Global
	GlobalSection(SolutionConfigurationPlatforms) = preSolution
		Debug LAX|Win32 = Debug LAX|Win32
		Debug|Win32 = Debug|Win32
		Release LAX|Win32 = Release LAX|Win32
		Release|Win32 = Release|Win32
	EndGlobalSection
	GlobalSection(ProjectConfigurationPlatforms) = postSolution
		{D25BD0D2-9F92-4FC6-B3D4-93755BFF25D8}.Debug LAX|Win32.ActiveCfg = Debug LAX|Win32
		{D25BD0D2-9F92-4FC6-B3D4-93755BFF25D8}.Debug LAX|Win32.Build.0 = Debug LAX|Win32
		{D25BD0D2-9F92-4FC6-B3D4-93755BFF25D8}.Debug|Win32.ActiveCfg = Debug|Win32
		{D25BD0D2-9F92-4FC6-B3D4-93755BFF25D8}.Debug|Win32.Build.0 = Debug|Win32
		{D25BD0D2-9F92-4FC6-B3D4-93755BFF25D8}.Release LAX|Win32.ActiveCfg = Release LAX|Win32
		{D25BD0D2-9F92-4FC6-B3D4-93755BFF25D8}.Release LAX|Win32.Build.0 = Release LAX|Win32
		{D25BD0D2-9F92-4FC6-B3D4-93755BFF25D8}.Release|Win32.ActiveCfg = Release|Win32
		{D25BD0D2-9F92-4FC6-B3D4-93755BFF25D8}.Release|Win32.Build.0 = Release|Win32
	EndGlobalSection
	GlobalSection(SolutionProperties) = preSolution
		HideSolutionNode = FALSE
	EndGlobalSection
EndGlobal
